PODS:
  - Alamofire (4.8.2)
  - Kingfisher (3.13.1)

DEPENDENCIES:
  - Alamofire
  - Kingfisher (~> 3.0)

SPEC REPOS:
  https://github.com/cocoapods/specs.git:
    - Alamofire
    - Kingfisher

SPEC CHECKSUMS:
  Alamofire: ae5c501addb7afdbb13687d7f2f722c78734c2d3
  Kingfisher: ed9707a409cc47fddafbcd12a43a9757e3600af5

PODFILE CHECKSUM: b8ace18016e86025c06d8402beee3f2803be2d89

COCOAPODS: 1.5.3
