// !$*UTF8*$!
{
	archiveVersion = 1;
	classes = {
	};
	objectVersion = 50;
	objects = {

/* Begin PBXBuildFile section */
		DF05A58A2265D71E003AC9DE /* AppDelegate.swift in Sources */ = {isa = PBXBuildFile; fileRef = DF05A5892265D71E003AC9DE /* AppDelegate.swift */; };
		DF05A58F2265D71E003AC9DE /* Main.storyboard in Resources */ = {isa = PBXBuildFile; fileRef = DF05A58D2265D71E003AC9DE /* Main.storyboard */; };
		DF05A5912265D720003AC9DE /* Assets.xcassets in Resources */ = {isa = PBXBuildFile; fileRef = DF05A5902265D720003AC9DE /* Assets.xcassets */; };
		DF21D44022718F8A00150B71 /* CollectionPerrtyViewCell.swift in Sources */ = {isa = PBXBuildFile; fileRef = DF21D43E22718F8A00150B71 /* CollectionPerrtyViewCell.swift */; };
		DF21D44122718F8A00150B71 /* CollectionPerrtyViewCell.xib in Resources */ = {isa = PBXBuildFile; fileRef = DF21D43F22718F8A00150B71 /* CollectionPerrtyViewCell.xib */; };
		DF21D4432271A77000150B71 /* NetWorkingTool.swift in Sources */ = {isa = PBXBuildFile; fileRef = DF21D4422271A77000150B71 /* NetWorkingTool.swift */; };
		DF26D9CD226810EE00B3115D /* Follow.storyboard in Resources */ = {isa = PBXBuildFile; fileRef = DF26D9CC226810EE00B3115D /* Follow.storyboard */; };
		DF26D9CF226810F900B3115D /* Home.storyboard in Resources */ = {isa = PBXBuildFile; fileRef = DF26D9CE226810F900B3115D /* Home.storyboard */; };
		DF26D9D12268110C00B3115D /* Live.storyboard in Resources */ = {isa = PBXBuildFile; fileRef = DF26D9D02268110C00B3115D /* Live.storyboard */; };
		DF26D9D32268162F00B3115D /* HomeViewController.swift in Sources */ = {isa = PBXBuildFile; fileRef = DF26D9D22268162F00B3115D /* HomeViewController.swift */; };
		DF26D9D522681E2500B3115D /* UIBarButtonItem-Extension.swift in Sources */ = {isa = PBXBuildFile; fileRef = DF26D9D422681E2500B3115D /* UIBarButtonItem-Extension.swift */; };
		DF26D9D722684FDB00B3115D /* pageTitleView.swift in Sources */ = {isa = PBXBuildFile; fileRef = DF26D9D622684FDB00B3115D /* pageTitleView.swift */; };
		DF26D9D92268526C00B3115D /* common.swift in Sources */ = {isa = PBXBuildFile; fileRef = DF26D9D82268526C00B3115D /* common.swift */; };
		DF26D9DB2268693300B3115D /* pageContentView.swift in Sources */ = {isa = PBXBuildFile; fileRef = DF26D9DA2268693300B3115D /* pageContentView.swift */; };
		DF26D9DD2268771600B3115D /* UIColor-Extension.swift in Sources */ = {isa = PBXBuildFile; fileRef = DF26D9DC2268771600B3115D /* UIColor-Extension.swift */; };
		DF5B41272289508F002C6969 /* RecommendCycleView.swift in Sources */ = {isa = PBXBuildFile; fileRef = DF5B41262289508F002C6969 /* RecommendCycleView.swift */; };
		DF5B412B22895B50002C6969 /* RecommendCycleView.xib in Resources */ = {isa = PBXBuildFile; fileRef = DF5B412A22895B50002C6969 /* RecommendCycleView.xib */; };
		DF978FE5227FC8A30002846C /* AnchorModel.swift in Sources */ = {isa = PBXBuildFile; fileRef = DF978FE4227FC8A20002846C /* AnchorModel.swift */; };
		DFA3B41C2275591700AB98CA /* CommendViewModel.swift in Sources */ = {isa = PBXBuildFile; fileRef = DFA3B41B2275591700AB98CA /* CommendViewModel.swift */; };
		DFA3B41E22755BA700AB98CA /* Date-Exectation.swift in Sources */ = {isa = PBXBuildFile; fileRef = DFA3B41D22755BA700AB98CA /* Date-Exectation.swift */; };
		DFA3B4202275850000AB98CA /* AnchoGroup.swift in Sources */ = {isa = PBXBuildFile; fileRef = DFA3B41F2275850000AB98CA /* AnchoGroup.swift */; };
		DFAE25F7226EF29A00BE6D04 /* ReCommendViewController.swift in Sources */ = {isa = PBXBuildFile; fileRef = DFAE25F6226EF29A00BE6D04 /* ReCommendViewController.swift */; };
		DFAE25FA226F0A3500BE6D04 /* CollectionHeaderView.swift in Sources */ = {isa = PBXBuildFile; fileRef = DFAE25F8226F0A3500BE6D04 /* CollectionHeaderView.swift */; };
		DFAE25FB226F0A3500BE6D04 /* CollectionHeaderView.xib in Resources */ = {isa = PBXBuildFile; fileRef = DFAE25F9226F0A3500BE6D04 /* CollectionHeaderView.xib */; };
		DFAE25FE226F0D4A00BE6D04 /* CollectionNomalViewCell.swift in Sources */ = {isa = PBXBuildFile; fileRef = DFAE25FC226F0D4A00BE6D04 /* CollectionNomalViewCell.swift */; };
		DFAE25FF226F0D4A00BE6D04 /* CollectionNomalViewCell.xib in Resources */ = {isa = PBXBuildFile; fileRef = DFAE25FD226F0D4A00BE6D04 /* CollectionNomalViewCell.xib */; };
		DFC6147F226716D700AED9A5 /* Profile.storyboard in Resources */ = {isa = PBXBuildFile; fileRef = DFC6147E226716D700AED9A5 /* Profile.storyboard */; };
		DFC614812267175E00AED9A5 /* MainViewController.swift in Sources */ = {isa = PBXBuildFile; fileRef = DFC614802267175E00AED9A5 /* MainViewController.swift */; };
		F39B11DA96315D1D0B1749CD /* Pods_DYZB.framework in Frameworks */ = {isa = PBXBuildFile; fileRef = FBFE21E817C8491F4A0386FE /* Pods_DYZB.framework */; };
/* End PBXBuildFile section */

/* Begin PBXFileReference section */
		B5CDE80DA95CA3936808401D /* Pods-DYZB.debug.xcconfig */ = {isa = PBXFileReference; includeInIndex = 1; lastKnownFileType = text.xcconfig; name = "Pods-DYZB.debug.xcconfig"; path = "Pods/Target Support Files/Pods-DYZB/Pods-DYZB.debug.xcconfig"; sourceTree = "<group>"; };
		DC4A130915C2D7CF60FC518A /* Pods-DYZB.release.xcconfig */ = {isa = PBXFileReference; includeInIndex = 1; lastKnownFileType = text.xcconfig; name = "Pods-DYZB.release.xcconfig"; path = "Pods/Target Support Files/Pods-DYZB/Pods-DYZB.release.xcconfig"; sourceTree = "<group>"; };
		DF05A5862265D71E003AC9DE /* DYZB.app */ = {isa = PBXFileReference; explicitFileType = wrapper.application; includeInIndex = 0; path = DYZB.app; sourceTree = BUILT_PRODUCTS_DIR; };
		DF05A5892265D71E003AC9DE /* AppDelegate.swift */ = {isa = PBXFileReference; lastKnownFileType = sourcecode.swift; path = AppDelegate.swift; sourceTree = "<group>"; };
		DF05A58E2265D71E003AC9DE /* Base */ = {isa = PBXFileReference; lastKnownFileType = file.storyboard; name = Base; path = Base.lproj/Main.storyboard; sourceTree = "<group>"; };
		DF05A5902265D720003AC9DE /* Assets.xcassets */ = {isa = PBXFileReference; lastKnownFileType = folder.assetcatalog; path = Assets.xcassets; sourceTree = "<group>"; };
		DF05A5952265D720003AC9DE /* Info.plist */ = {isa = PBXFileReference; lastKnownFileType = text.plist.xml; path = Info.plist; sourceTree = "<group>"; };
		DF21D43E22718F8A00150B71 /* CollectionPerrtyViewCell.swift */ = {isa = PBXFileReference; lastKnownFileType = sourcecode.swift; path = CollectionPerrtyViewCell.swift; sourceTree = "<group>"; };
		DF21D43F22718F8A00150B71 /* CollectionPerrtyViewCell.xib */ = {isa = PBXFileReference; lastKnownFileType = file.xib; path = CollectionPerrtyViewCell.xib; sourceTree = "<group>"; };
		DF21D4422271A77000150B71 /* NetWorkingTool.swift */ = {isa = PBXFileReference; lastKnownFileType = sourcecode.swift; path = NetWorkingTool.swift; sourceTree = "<group>"; };
		DF26D9CC226810EE00B3115D /* Follow.storyboard */ = {isa = PBXFileReference; fileEncoding = 4; lastKnownFileType = file.storyboard; path = Follow.storyboard; sourceTree = "<group>"; };
		DF26D9CE226810F900B3115D /* Home.storyboard */ = {isa = PBXFileReference; fileEncoding = 4; lastKnownFileType = file.storyboard; path = Home.storyboard; sourceTree = "<group>"; };
		DF26D9D02268110C00B3115D /* Live.storyboard */ = {isa = PBXFileReference; fileEncoding = 4; lastKnownFileType = file.storyboard; path = Live.storyboard; sourceTree = "<group>"; };
		DF26D9D22268162F00B3115D /* HomeViewController.swift */ = {isa = PBXFileReference; lastKnownFileType = sourcecode.swift; path = HomeViewController.swift; sourceTree = "<group>"; };
		DF26D9D422681E2500B3115D /* UIBarButtonItem-Extension.swift */ = {isa = PBXFileReference; lastKnownFileType = sourcecode.swift; path = "UIBarButtonItem-Extension.swift"; sourceTree = "<group>"; };
		DF26D9D622684FDB00B3115D /* pageTitleView.swift */ = {isa = PBXFileReference; lastKnownFileType = sourcecode.swift; path = pageTitleView.swift; sourceTree = "<group>"; };
		DF26D9D82268526C00B3115D /* common.swift */ = {isa = PBXFileReference; lastKnownFileType = sourcecode.swift; path = common.swift; sourceTree = "<group>"; };
		DF26D9DA2268693300B3115D /* pageContentView.swift */ = {isa = PBXFileReference; lastKnownFileType = sourcecode.swift; path = pageContentView.swift; sourceTree = "<group>"; };
		DF26D9DC2268771600B3115D /* UIColor-Extension.swift */ = {isa = PBXFileReference; lastKnownFileType = sourcecode.swift; path = "UIColor-Extension.swift"; sourceTree = "<group>"; };
		DF5B41262289508F002C6969 /* RecommendCycleView.swift */ = {isa = PBXFileReference; lastKnownFileType = sourcecode.swift; path = RecommendCycleView.swift; sourceTree = "<group>"; };
		DF5B412A22895B50002C6969 /* RecommendCycleView.xib */ = {isa = PBXFileReference; lastKnownFileType = file.xib; path = RecommendCycleView.xib; sourceTree = "<group>"; };
		DF978FE4227FC8A20002846C /* AnchorModel.swift */ = {isa = PBXFileReference; lastKnownFileType = sourcecode.swift; path = AnchorModel.swift; sourceTree = "<group>"; };
		DFA3B41B2275591700AB98CA /* CommendViewModel.swift */ = {isa = PBXFileReference; lastKnownFileType = sourcecode.swift; path = CommendViewModel.swift; sourceTree = "<group>"; };
		DFA3B41D22755BA700AB98CA /* Date-Exectation.swift */ = {isa = PBXFileReference; lastKnownFileType = sourcecode.swift; path = "Date-Exectation.swift"; sourceTree = "<group>"; };
		DFA3B41F2275850000AB98CA /* AnchoGroup.swift */ = {isa = PBXFileReference; lastKnownFileType = sourcecode.swift; path = AnchoGroup.swift; sourceTree = "<group>"; };
		DFAE25F6226EF29A00BE6D04 /* ReCommendViewController.swift */ = {isa = PBXFileReference; lastKnownFileType = sourcecode.swift; path = ReCommendViewController.swift; sourceTree = "<group>"; };
		DFAE25F8226F0A3500BE6D04 /* CollectionHeaderView.swift */ = {isa = PBXFileReference; lastKnownFileType = sourcecode.swift; path = CollectionHeaderView.swift; sourceTree = "<group>"; };
		DFAE25F9226F0A3500BE6D04 /* CollectionHeaderView.xib */ = {isa = PBXFileReference; lastKnownFileType = file.xib; path = CollectionHeaderView.xib; sourceTree = "<group>"; };
		DFAE25FC226F0D4A00BE6D04 /* CollectionNomalViewCell.swift */ = {isa = PBXFileReference; lastKnownFileType = sourcecode.swift; path = CollectionNomalViewCell.swift; sourceTree = "<group>"; };
		DFAE25FD226F0D4A00BE6D04 /* CollectionNomalViewCell.xib */ = {isa = PBXFileReference; lastKnownFileType = file.xib; path = CollectionNomalViewCell.xib; sourceTree = "<group>"; };
		DFC6147E226716D700AED9A5 /* Profile.storyboard */ = {isa = PBXFileReference; fileEncoding = 4; lastKnownFileType = file.storyboard; path = Profile.storyboard; sourceTree = "<group>"; };
		DFC614802267175E00AED9A5 /* MainViewController.swift */ = {isa = PBXFileReference; lastKnownFileType = sourcecode.swift; path = MainViewController.swift; sourceTree = "<group>"; };
		FBFE21E817C8491F4A0386FE /* Pods_DYZB.framework */ = {isa = PBXFileReference; explicitFileType = wrapper.framework; includeInIndex = 0; path = Pods_DYZB.framework; sourceTree = BUILT_PRODUCTS_DIR; };
/* End PBXFileReference section */

/* Begin PBXFrameworksBuildPhase section */
		DF05A5832265D71E003AC9DE /* Frameworks */ = {
			isa = PBXFrameworksBuildPhase;
			buildActionMask = 2147483647;
			files = (
				F39B11DA96315D1D0B1749CD /* Pods_DYZB.framework in Frameworks */,
			);
			runOnlyForDeploymentPostprocessing = 0;
		};
/* End PBXFrameworksBuildPhase section */

/* Begin PBXGroup section */
		97E613BBBC67BAD04A17A29A /* Pods */ = {
			isa = PBXGroup;
			children = (
				B5CDE80DA95CA3936808401D /* Pods-DYZB.debug.xcconfig */,
				DC4A130915C2D7CF60FC518A /* Pods-DYZB.release.xcconfig */,
			);
			name = Pods;
			sourceTree = "<group>";
		};
		C7518E4BE244A764166183BF /* Frameworks */ = {
			isa = PBXGroup;
			children = (
				FBFE21E817C8491F4A0386FE /* Pods_DYZB.framework */,
			);
			name = Frameworks;
			sourceTree = "<group>";
		};
		DF05A57D2265D71E003AC9DE = {
			isa = PBXGroup;
			children = (
				DF05A5882265D71E003AC9DE /* DYZB */,
				DF05A5872265D71E003AC9DE /* Products */,
				97E613BBBC67BAD04A17A29A /* Pods */,
				C7518E4BE244A764166183BF /* Frameworks */,
			);
			sourceTree = "<group>";
		};
		DF05A5872265D71E003AC9DE /* Products */ = {
			isa = PBXGroup;
			children = (
				DF05A5862265D71E003AC9DE /* DYZB.app */,
			);
			name = Products;
			sourceTree = "<group>";
		};
		DF05A5882265D71E003AC9DE /* DYZB */ = {
			isa = PBXGroup;
			children = (
				DFC6146F2267094600AED9A5 /* Class */,
				DF05A5892265D71E003AC9DE /* AppDelegate.swift */,
				DF05A5902265D720003AC9DE /* Assets.xcassets */,
				DF05A5952265D720003AC9DE /* Info.plist */,
			);
			path = DYZB;
			sourceTree = "<group>";
		};
		DF26D9B62268104700B3115D /* Follow */ = {
			isa = PBXGroup;
			children = (
				DF26D9B72268104700B3115D /* Controller */,
				DF26D9B82268104700B3115D /* Model */,
				DF26D9B92268104700B3115D /* View */,
			);
			path = Follow;
			sourceTree = "<group>";
		};
		DF26D9B72268104700B3115D /* Controller */ = {
			isa = PBXGroup;
			children = (
				DF26D9CC226810EE00B3115D /* Follow.storyboard */,
			);
			path = Controller;
			sourceTree = "<group>";
		};
		DF26D9B82268104700B3115D /* Model */ = {
			isa = PBXGroup;
			children = (
			);
			path = Model;
			sourceTree = "<group>";
		};
		DF26D9B92268104700B3115D /* View */ = {
			isa = PBXGroup;
			children = (
			);
			path = View;
			sourceTree = "<group>";
		};
		DF26D9BA2268104700B3115D /* Home */ = {
			isa = PBXGroup;
			children = (
				DFA3B418227556EC00AB98CA /* ViewModel */,
				DF26D9BB2268104700B3115D /* Controller */,
				DF26D9BC2268104700B3115D /* Model */,
				DF26D9BD2268104700B3115D /* View */,
			);
			path = Home;
			sourceTree = "<group>";
		};
		DF26D9BB2268104700B3115D /* Controller */ = {
			isa = PBXGroup;
			children = (
				DF26D9CE226810F900B3115D /* Home.storyboard */,
				DF26D9D22268162F00B3115D /* HomeViewController.swift */,
				DFAE25F6226EF29A00BE6D04 /* ReCommendViewController.swift */,
			);
			path = Controller;
			sourceTree = "<group>";
		};
		DF26D9BC2268104700B3115D /* Model */ = {
			isa = PBXGroup;
			children = (
			);
			path = Model;
			sourceTree = "<group>";
		};
		DF26D9BD2268104700B3115D /* View */ = {
			isa = PBXGroup;
			children = (
				DFAE25F8226F0A3500BE6D04 /* CollectionHeaderView.swift */,
				DFAE25F9226F0A3500BE6D04 /* CollectionHeaderView.xib */,
				DF5B41262289508F002C6969 /* RecommendCycleView.swift */,
				DF5B412A22895B50002C6969 /* RecommendCycleView.xib */,
			);
			path = View;
			sourceTree = "<group>";
		};
		DF26D9BE2268104700B3115D /* Live */ = {
			isa = PBXGroup;
			children = (
				DF26D9BF2268104700B3115D /* Controller */,
				DF26D9C02268104700B3115D /* Model */,
				DF26D9C12268104700B3115D /* View */,
			);
			path = Live;
			sourceTree = "<group>";
		};
		DF26D9BF2268104700B3115D /* Controller */ = {
			isa = PBXGroup;
			children = (
				DF26D9D02268110C00B3115D /* Live.storyboard */,
			);
			path = Controller;
			sourceTree = "<group>";
		};
		DF26D9C02268104700B3115D /* Model */ = {
			isa = PBXGroup;
			children = (
			);
			path = Model;
			sourceTree = "<group>";
		};
		DF26D9C12268104700B3115D /* View */ = {
			isa = PBXGroup;
			children = (
			);
			path = View;
			sourceTree = "<group>";
		};
		DF26D9C22268104700B3115D /* Tools */ = {
			isa = PBXGroup;
			children = (
				DF26D9D422681E2500B3115D /* UIBarButtonItem-Extension.swift */,
				DF26D9D82268526C00B3115D /* common.swift */,
				DF26D9DC2268771600B3115D /* UIColor-Extension.swift */,
				DF21D4422271A77000150B71 /* NetWorkingTool.swift */,
				DFA3B41D22755BA700AB98CA /* Date-Exectation.swift */,
			);
			path = Tools;
			sourceTree = "<group>";
		};
		DF26D9C62268105600B3115D /* Model */ = {
			isa = PBXGroup;
			children = (
			);
			path = Model;
			sourceTree = "<group>";
		};
		DF26D9C72268105600B3115D /* View */ = {
			isa = PBXGroup;
			children = (
			);
			path = View;
			sourceTree = "<group>";
		};
		DF26D9C82268105600B3115D /* Controller */ = {
			isa = PBXGroup;
			children = (
				DFC6147E226716D700AED9A5 /* Profile.storyboard */,
			);
			path = Controller;
			sourceTree = "<group>";
		};
		DF26D9C92268106800B3115D /* Model */ = {
			isa = PBXGroup;
			children = (
				DFA3B41F2275850000AB98CA /* AnchoGroup.swift */,
				DF978FE4227FC8A20002846C /* AnchorModel.swift */,
			);
			path = Model;
			sourceTree = "<group>";
		};
		DF26D9CA2268106800B3115D /* View */ = {
			isa = PBXGroup;
			children = (
				DF26D9D622684FDB00B3115D /* pageTitleView.swift */,
				DF26D9DA2268693300B3115D /* pageContentView.swift */,
				DFAE25FC226F0D4A00BE6D04 /* CollectionNomalViewCell.swift */,
				DFAE25FD226F0D4A00BE6D04 /* CollectionNomalViewCell.xib */,
				DF21D43E22718F8A00150B71 /* CollectionPerrtyViewCell.swift */,
				DF21D43F22718F8A00150B71 /* CollectionPerrtyViewCell.xib */,
			);
			path = View;
			sourceTree = "<group>";
		};
		DF26D9CB2268106800B3115D /* Controller */ = {
			isa = PBXGroup;
			children = (
				DFC614802267175E00AED9A5 /* MainViewController.swift */,
				DF05A58D2265D71E003AC9DE /* Main.storyboard */,
			);
			path = Controller;
			sourceTree = "<group>";
		};
		DFA3B418227556EC00AB98CA /* ViewModel */ = {
			isa = PBXGroup;
			children = (
				DFA3B41B2275591700AB98CA /* CommendViewModel.swift */,
			);
			path = ViewModel;
			sourceTree = "<group>";
		};
		DFC6146F2267094600AED9A5 /* Class */ = {
			isa = PBXGroup;
			children = (
				DFC614752267094600AED9A5 /* Main */,
				DF26D9C22268104700B3115D /* Tools */,
				DF26D9BA2268104700B3115D /* Home */,
				DF26D9BE2268104700B3115D /* Live */,
				DF26D9B62268104700B3115D /* Follow */,
				DFC614732267094600AED9A5 /* Profile */,
			);
			path = Class;
			sourceTree = "<group>";
		};
		DFC614732267094600AED9A5 /* Profile */ = {
			isa = PBXGroup;
			children = (
				DF26D9C82268105600B3115D /* Controller */,
				DF26D9C62268105600B3115D /* Model */,
				DF26D9C72268105600B3115D /* View */,
			);
			path = Profile;
			sourceTree = "<group>";
		};
		DFC614752267094600AED9A5 /* Main */ = {
			isa = PBXGroup;
			children = (
				DF26D9CB2268106800B3115D /* Controller */,
				DF26D9C92268106800B3115D /* Model */,
				DF26D9CA2268106800B3115D /* View */,
			);
			path = Main;
			sourceTree = "<group>";
		};
/* End PBXGroup section */

/* Begin PBXNativeTarget section */
		DF05A5852265D71E003AC9DE /* DYZB */ = {
			isa = PBXNativeTarget;
			buildConfigurationList = DF05A5982265D720003AC9DE /* Build configuration list for PBXNativeTarget "DYZB" */;
			buildPhases = (
				15645FC935802EF7D74FD262 /* [CP] Check Pods Manifest.lock */,
				DF05A5822265D71E003AC9DE /* Sources */,
				DF05A5832265D71E003AC9DE /* Frameworks */,
				DF05A5842265D71E003AC9DE /* Resources */,
				5765F63464F1F557178D8234 /* [CP] Embed Pods Frameworks */,
			);
			buildRules = (
			);
			dependencies = (
			);
			name = DYZB;
			productName = DYZB;
			productReference = DF05A5862265D71E003AC9DE /* DYZB.app */;
			productType = "com.apple.product-type.application";
		};
/* End PBXNativeTarget section */

/* Begin PBXProject section */
		DF05A57E2265D71E003AC9DE /* Project object */ = {
			isa = PBXProject;
			attributes = {
				LastSwiftUpdateCheck = 0940;
				LastUpgradeCheck = 0940;
				ORGANIZATIONNAME = yuhangxi;
				TargetAttributes = {
					DF05A5852265D71E003AC9DE = {
						CreatedOnToolsVersion = 9.4.1;
					};
				};
			};
			buildConfigurationList = DF05A5812265D71E003AC9DE /* Build configuration list for PBXProject "DYZB" */;
			compatibilityVersion = "Xcode 9.3";
			developmentRegion = en;
			hasScannedForEncodings = 0;
			knownRegions = (
				en,
				Base,
			);
			mainGroup = DF05A57D2265D71E003AC9DE;
			productRefGroup = DF05A5872265D71E003AC9DE /* Products */;
			projectDirPath = "";
			projectRoot = "";
			targets = (
				DF05A5852265D71E003AC9DE /* DYZB */,
			);
		};
/* End PBXProject section */

/* Begin PBXResourcesBuildPhase section */
		DF05A5842265D71E003AC9DE /* Resources */ = {
			isa = PBXResourcesBuildPhase;
			buildActionMask = 2147483647;
			files = (
				DF26D9D12268110C00B3115D /* Live.storyboard in Resources */,
				DF05A5912265D720003AC9DE /* Assets.xcassets in Resources */,
				DFAE25FF226F0D4A00BE6D04 /* CollectionNomalViewCell.xib in Resources */,
				DF05A58F2265D71E003AC9DE /* Main.storyboard in Resources */,
				DF5B412B22895B50002C6969 /* RecommendCycleView.xib in Resources */,
				DF21D44122718F8A00150B71 /* CollectionPerrtyViewCell.xib in Resources */,
				DFAE25FB226F0A3500BE6D04 /* CollectionHeaderView.xib in Resources */,
				DF26D9CF226810F900B3115D /* Home.storyboard in Resources */,
				DF26D9CD226810EE00B3115D /* Follow.storyboard in Resources */,
				DFC6147F226716D700AED9A5 /* Profile.storyboard in Resources */,
			);
			runOnlyForDeploymentPostprocessing = 0;
		};
/* End PBXResourcesBuildPhase section */

/* Begin PBXShellScriptBuildPhase section */
		15645FC935802EF7D74FD262 /* [CP] Check Pods Manifest.lock */ = {
			isa = PBXShellScriptBuildPhase;
			buildActionMask = 2147483647;
			files = (
			);
			inputPaths = (
				"${PODS_PODFILE_DIR_PATH}/Podfile.lock",
				"${PODS_ROOT}/Manifest.lock",
			);
			name = "[CP] Check Pods Manifest.lock";
			outputPaths = (
				"$(DERIVED_FILE_DIR)/Pods-DYZB-checkManifestLockResult.txt",
			);
			runOnlyForDeploymentPostprocessing = 0;
			shellPath = /bin/sh;
			shellScript = "diff \"${PODS_PODFILE_DIR_PATH}/Podfile.lock\" \"${PODS_ROOT}/Manifest.lock\" > /dev/null\nif [ $? != 0 ] ; then\n    # print error to STDERR\n    echo \"error: The sandbox is not in sync with the Podfile.lock. Run 'pod install' or update your CocoaPods installation.\" >&2\n    exit 1\nfi\n# This output is used by Xcode 'outputs' to avoid re-running this script phase.\necho \"SUCCESS\" > \"${SCRIPT_OUTPUT_FILE_0}\"\n";
			showEnvVarsInLog = 0;
		};
		5765F63464F1F557178D8234 /* [CP] Embed Pods Frameworks */ = {
			isa = PBXShellScriptBuildPhase;
			buildActionMask = 2147483647;
			files = (
			);
			inputPaths = (
				"${SRCROOT}/Pods/Target Support Files/Pods-DYZB/Pods-DYZB-frameworks.sh",
				"${BUILT_PRODUCTS_DIR}/Alamofire/Alamofire.framework",
				"${BUILT_PRODUCTS_DIR}/Kingfisher/Kingfisher.framework",
			);
			name = "[CP] Embed Pods Frameworks";
			outputPaths = (
				"${TARGET_BUILD_DIR}/${FRAMEWORKS_FOLDER_PATH}/Alamofire.framework",
				"${TARGET_BUILD_DIR}/${FRAMEWORKS_FOLDER_PATH}/Kingfisher.framework",
			);
			runOnlyForDeploymentPostprocessing = 0;
			shellPath = /bin/sh;
			shellScript = "\"${SRCROOT}/Pods/Target Support Files/Pods-DYZB/Pods-DYZB-frameworks.sh\"\n";
			showEnvVarsInLog = 0;
		};
/* End PBXShellScriptBuildPhase section */

/* Begin PBXSourcesBuildPhase section */
		DF05A5822265D71E003AC9DE /* Sources */ = {
			isa = PBXSourcesBuildPhase;
			buildActionMask = 2147483647;
			files = (
				DF05A58A2265D71E003AC9DE /* AppDelegate.swift in Sources */,
				DFA3B4202275850000AB98CA /* AnchoGroup.swift in Sources */,
				DFAE25FA226F0A3500BE6D04 /* CollectionHeaderView.swift in Sources */,
				DF26D9DD2268771600B3115D /* UIColor-Extension.swift in Sources */,
				DF5B41272289508F002C6969 /* RecommendCycleView.swift in Sources */,
				DFAE25F7226EF29A00BE6D04 /* ReCommendViewController.swift in Sources */,
				DFC614812267175E00AED9A5 /* MainViewController.swift in Sources */,
				DF21D4432271A77000150B71 /* NetWorkingTool.swift in Sources */,
				DF26D9DB2268693300B3115D /* pageContentView.swift in Sources */,
				DF26D9D92268526C00B3115D /* common.swift in Sources */,
				DF26D9D722684FDB00B3115D /* pageTitleView.swift in Sources */,
				DF26D9D522681E2500B3115D /* UIBarButtonItem-Extension.swift in Sources */,
				DFA3B41E22755BA700AB98CA /* Date-Exectation.swift in Sources */,
				DFAE25FE226F0D4A00BE6D04 /* CollectionNomalViewCell.swift in Sources */,
				DF21D44022718F8A00150B71 /* CollectionPerrtyViewCell.swift in Sources */,
				DFA3B41C2275591700AB98CA /* CommendViewModel.swift in Sources */,
				DF26D9D32268162F00B3115D /* HomeViewController.swift in Sources */,
				DF978FE5227FC8A30002846C /* AnchorModel.swift in Sources */,
			);
			runOnlyForDeploymentPostprocessing = 0;
		};
/* End PBXSourcesBuildPhase section */

/* Begin PBXVariantGroup section */
		DF05A58D2265D71E003AC9DE /* Main.storyboard */ = {
			isa = PBXVariantGroup;
			children = (
				DF05A58E2265D71E003AC9DE /* Base */,
			);
			name = Main.storyboard;
			sourceTree = "<group>";
		};
/* End PBXVariantGroup section */

/* Begin XCBuildConfiguration section */
		DF05A5962265D720003AC9DE /* Debug */ = {
			isa = XCBuildConfiguration;
			buildSettings = {
				ALWAYS_SEARCH_USER_PATHS = NO;
				CLANG_ANALYZER_NONNULL = YES;
				CLANG_ANALYZER_NUMBER_OBJECT_CONVERSION = YES_AGGRESSIVE;
				CLANG_CXX_LANGUAGE_STANDARD = "gnu++14";
				CLANG_CXX_LIBRARY = "libc++";
				CLANG_ENABLE_MODULES = YES;
				CLANG_ENABLE_OBJC_ARC = YES;
				CLANG_ENABLE_OBJC_WEAK = YES;
				CLANG_WARN_BLOCK_CAPTURE_AUTORELEASING = YES;
				CLANG_WARN_BOOL_CONVERSION = YES;
				CLANG_WARN_COMMA = YES;
				CLANG_WARN_CONSTANT_CONVERSION = YES;
				CLANG_WARN_DEPRECATED_OBJC_IMPLEMENTATIONS = YES;
				CLANG_WARN_DIRECT_OBJC_ISA_USAGE = YES_ERROR;
				CLANG_WARN_DOCUMENTATION_COMMENTS = YES;
				CLANG_WARN_EMPTY_BODY = YES;
				CLANG_WARN_ENUM_CONVERSION = YES;
				CLANG_WARN_INFINITE_RECURSION = YES;
				CLANG_WARN_INT_CONVERSION = YES;
				CLANG_WARN_NON_LITERAL_NULL_CONVERSION = YES;
				CLANG_WARN_OBJC_IMPLICIT_RETAIN_SELF = YES;
				CLANG_WARN_OBJC_LITERAL_CONVERSION = YES;
				CLANG_WARN_OBJC_ROOT_CLASS = YES_ERROR;
				CLANG_WARN_RANGE_LOOP_ANALYSIS = YES;
				CLANG_WARN_STRICT_PROTOTYPES = YES;
				CLANG_WARN_SUSPICIOUS_MOVE = YES;
				CLANG_WARN_UNGUARDED_AVAILABILITY = YES_AGGRESSIVE;
				CLANG_WARN_UNREACHABLE_CODE = YES;
				CLANG_WARN__DUPLICATE_METHOD_MATCH = YES;
				CODE_SIGN_IDENTITY = "iPhone Developer";
				COPY_PHASE_STRIP = NO;
				DEBUG_INFORMATION_FORMAT = dwarf;
				ENABLE_STRICT_OBJC_MSGSEND = YES;
				ENABLE_TESTABILITY = YES;
				GCC_C_LANGUAGE_STANDARD = gnu11;
				GCC_DYNAMIC_NO_PIC = NO;
				GCC_NO_COMMON_BLOCKS = YES;
				GCC_OPTIMIZATION_LEVEL = 0;
				GCC_PREPROCESSOR_DEFINITIONS = (
					"DEBUG=1",
					"$(inherited)",
				);
				GCC_WARN_64_TO_32_BIT_CONVERSION = YES;
				GCC_WARN_ABOUT_RETURN_TYPE = YES_ERROR;
				GCC_WARN_UNDECLARED_SELECTOR = YES;
				GCC_WARN_UNINITIALIZED_AUTOS = YES_AGGRESSIVE;
				GCC_WARN_UNUSED_FUNCTION = YES;
				GCC_WARN_UNUSED_VARIABLE = YES;
				IPHONEOS_DEPLOYMENT_TARGET = 11.4;
				MTL_ENABLE_DEBUG_INFO = YES;
				ONLY_ACTIVE_ARCH = YES;
				SDKROOT = iphoneos;
				SWIFT_ACTIVE_COMPILATION_CONDITIONS = DEBUG;
				SWIFT_OPTIMIZATION_LEVEL = "-Onone";
			};
			name = Debug;
		};
		DF05A5972265D720003AC9DE /* Release */ = {
			isa = XCBuildConfiguration;
			buildSettings = {
				ALWAYS_SEARCH_USER_PATHS = NO;
				CLANG_ANALYZER_NONNULL = YES;
				CLANG_ANALYZER_NUMBER_OBJECT_CONVERSION = YES_AGGRESSIVE;
				CLANG_CXX_LANGUAGE_STANDARD = "gnu++14";
				CLANG_CXX_LIBRARY = "libc++";
				CLANG_ENABLE_MODULES = YES;
				CLANG_ENABLE_OBJC_ARC = YES;
				CLANG_ENABLE_OBJC_WEAK = YES;
				CLANG_WARN_BLOCK_CAPTURE_AUTORELEASING = YES;
				CLANG_WARN_BOOL_CONVERSION = YES;
				CLANG_WARN_COMMA = YES;
				CLANG_WARN_CONSTANT_CONVERSION = YES;
				CLANG_WARN_DEPRECATED_OBJC_IMPLEMENTATIONS = YES;
				CLANG_WARN_DIRECT_OBJC_ISA_USAGE = YES_ERROR;
				CLANG_WARN_DOCUMENTATION_COMMENTS = YES;
				CLANG_WARN_EMPTY_BODY = YES;
				CLANG_WARN_ENUM_CONVERSION = YES;
				CLANG_WARN_INFINITE_RECURSION = YES;
				CLANG_WARN_INT_CONVERSION = YES;
				CLANG_WARN_NON_LITERAL_NULL_CONVERSION = YES;
				CLANG_WARN_OBJC_IMPLICIT_RETAIN_SELF = YES;
				CLANG_WARN_OBJC_LITERAL_CONVERSION = YES;
				CLANG_WARN_OBJC_ROOT_CLASS = YES_ERROR;
				CLANG_WARN_RANGE_LOOP_ANALYSIS = YES;
				CLANG_WARN_STRICT_PROTOTYPES = YES;
				CLANG_WARN_SUSPICIOUS_MOVE = YES;
				CLANG_WARN_UNGUARDED_AVAILABILITY = YES_AGGRESSIVE;
				CLANG_WARN_UNREACHABLE_CODE = YES;
				CLANG_WARN__DUPLICATE_METHOD_MATCH = YES;
				CODE_SIGN_IDENTITY = "iPhone Developer";
				COPY_PHASE_STRIP = NO;
				DEBUG_INFORMATION_FORMAT = "dwarf-with-dsym";
				ENABLE_NS_ASSERTIONS = NO;
				ENABLE_STRICT_OBJC_MSGSEND = YES;
				GCC_C_LANGUAGE_STANDARD = gnu11;
				GCC_NO_COMMON_BLOCKS = YES;
				GCC_WARN_64_TO_32_BIT_CONVERSION = YES;
				GCC_WARN_ABOUT_RETURN_TYPE = YES_ERROR;
				GCC_WARN_UNDECLARED_SELECTOR = YES;
				GCC_WARN_UNINITIALIZED_AUTOS = YES_AGGRESSIVE;
				GCC_WARN_UNUSED_FUNCTION = YES;
				GCC_WARN_UNUSED_VARIABLE = YES;
				IPHONEOS_DEPLOYMENT_TARGET = 11.4;
				MTL_ENABLE_DEBUG_INFO = NO;
				SDKROOT = iphoneos;
				SWIFT_COMPILATION_MODE = wholemodule;
				SWIFT_OPTIMIZATION_LEVEL = "-O";
				VALIDATE_PRODUCT = YES;
			};
			name = Release;
		};
		DF05A5992265D720003AC9DE /* Debug */ = {
			isa = XCBuildConfiguration;
			baseConfigurationReference = B5CDE80DA95CA3936808401D /* Pods-DYZB.debug.xcconfig */;
			buildSettings = {
				ARCHS = "$(ARCHS_STANDARD)";
				ASSETCATALOG_COMPILER_APPICON_NAME = AppIcon;
				ASSETCATALOG_COMPILER_LAUNCHIMAGE_NAME = LaunchImage;
				CODE_SIGN_STYLE = Automatic;
				DEVELOPMENT_TEAM = 2PWS9UN7U8;
				INFOPLIST_FILE = DYZB/Info.plist;
				IPHONEOS_DEPLOYMENT_TARGET = 8.0;
				LD_RUNPATH_SEARCH_PATHS = (
					"$(inherited)",
					"@executable_path/Frameworks",
				);
				PRODUCT_BUNDLE_IDENTIFIER = com.520it.DYZB;
				PRODUCT_NAME = "$(TARGET_NAME)";
				SWIFT_VERSION = 4.0;
				TARGETED_DEVICE_FAMILY = 1;
			};
			name = Debug;
		};
		DF05A59A2265D720003AC9DE /* Release */ = {
			isa = XCBuildConfiguration;
			baseConfigurationReference = DC4A130915C2D7CF60FC518A /* Pods-DYZB.release.xcconfig */;
			buildSettings = {
				ARCHS = "$(ARCHS_STANDARD)";
				ASSETCATALOG_COMPILER_APPICON_NAME = AppIcon;
				ASSETCATALOG_COMPILER_LAUNCHIMAGE_NAME = LaunchImage;
				CODE_SIGN_STYLE = Automatic;
				DEVELOPMENT_TEAM = 2PWS9UN7U8;
				INFOPLIST_FILE = DYZB/Info.plist;
				IPHONEOS_DEPLOYMENT_TARGET = 8.0;
				LD_RUNPATH_SEARCH_PATHS = (
					"$(inherited)",
					"@executable_path/Frameworks",
				);
				PRODUCT_BUNDLE_IDENTIFIER = com.520it.DYZB;
				PRODUCT_NAME = "$(TARGET_NAME)";
				SWIFT_VERSION = 4.0;
				TARGETED_DEVICE_FAMILY = 1;
			};
			name = Release;
		};
/* End XCBuildConfiguration section */

/* Begin XCConfigurationList section */
		DF05A5812265D71E003AC9DE /* Build configuration list for PBXProject "DYZB" */ = {
			isa = XCConfigurationList;
			buildConfigurations = (
				DF05A5962265D720003AC9DE /* Debug */,
				DF05A5972265D720003AC9DE /* Release */,
			);
			defaultConfigurationIsVisible = 0;
			defaultConfigurationName = Release;
		};
		DF05A5982265D720003AC9DE /* Build configuration list for PBXNativeTarget "DYZB" */ = {
			isa = XCConfigurationList;
			buildConfigurations = (
				DF05A5992265D720003AC9DE /* Debug */,
				DF05A59A2265D720003AC9DE /* Release */,
			);
			defaultConfigurationIsVisible = 0;
			defaultConfigurationName = Release;
		};
/* End XCConfigurationList section */
	};
	rootObject = DF05A57E2265D71E003AC9DE /* Project object */;
}
