// !$*UTF8*$!
{
	archiveVersion = 1;
	classes = {
	};
	objectVersion = 50;
	objects = {

/* Begin PBXBuildFile section */
		DF05A58A2265D71E003AC9DE /* AppDelegate.swift in Sources */ = {isa = PBXBuildFile; fileRef = DF05A5892265D71E003AC9DE /* AppDelegate.swift */; };
		DF05A58F2265D71E003AC9DE /* Main.storyboard in Resources */ = {isa = PBXBuildFile; fileRef = DF05A58D2265D71E003AC9DE /* Main.storyboard */; };
		DF05A5912265D720003AC9DE /* Assets.xcassets in Resources */ = {isa = PBXBuildFile; fileRef = DF05A5902265D720003AC9DE /* Assets.xcassets */; };
		DFC614782267169500AED9A5 /* Home.storyboard in Resources */ = {isa = PBXBuildFile; fileRef = DFC614762267169500AED9A5 /* Home.storyboard */; };
		DFC6147A226716AA00AED9A5 /* Live.storyboard in Resources */ = {isa = PBXBuildFile; fileRef = DFC61479226716AA00AED9A5 /* Live.storyboard */; };
		DFC6147D226716C500AED9A5 /* Follow.storyboard in Resources */ = {isa = PBXBuildFile; fileRef = DFC6147B226716C500AED9A5 /* Follow.storyboard */; };
		DFC6147F226716D700AED9A5 /* Profile.storyboard in Resources */ = {isa = PBXBuildFile; fileRef = DFC6147E226716D700AED9A5 /* Profile.storyboard */; };
		DFC614812267175E00AED9A5 /* MainViewController.swift in Sources */ = {isa = PBXBuildFile; fileRef = DFC614802267175E00AED9A5 /* MainViewController.swift */; };
/* End PBXBuildFile section */

/* Begin PBXFileReference section */
		DF05A5862265D71E003AC9DE /* DYZB.app */ = {isa = PBXFileReference; explicitFileType = wrapper.application; includeInIndex = 0; path = DYZB.app; sourceTree = BUILT_PRODUCTS_DIR; };
		DF05A5892265D71E003AC9DE /* AppDelegate.swift */ = {isa = PBXFileReference; lastKnownFileType = sourcecode.swift; path = AppDelegate.swift; sourceTree = "<group>"; };
		DF05A58E2265D71E003AC9DE /* Base */ = {isa = PBXFileReference; lastKnownFileType = file.storyboard; name = Base; path = Base.lproj/Main.storyboard; sourceTree = "<group>"; };
		DF05A5902265D720003AC9DE /* Assets.xcassets */ = {isa = PBXFileReference; lastKnownFileType = folder.assetcatalog; path = Assets.xcassets; sourceTree = "<group>"; };
		DF05A5952265D720003AC9DE /* Info.plist */ = {isa = PBXFileReference; lastKnownFileType = text.plist.xml; path = Info.plist; sourceTree = "<group>"; };
		DFC614772267169500AED9A5 /* Base */ = {isa = PBXFileReference; lastKnownFileType = file.storyboard; name = Base; path = DYZB/Class/Main/Base.lproj/Home.storyboard; sourceTree = "<group>"; };
		DFC61479226716AA00AED9A5 /* Live.storyboard */ = {isa = PBXFileReference; fileEncoding = 4; lastKnownFileType = file.storyboard; path = Live.storyboard; sourceTree = "<group>"; };
		DFC6147C226716C500AED9A5 /* Base */ = {isa = PBXFileReference; lastKnownFileType = file.storyboard; name = Base; path = DYZB/Class/Main/Base.lproj/Follow.storyboard; sourceTree = "<group>"; };
		DFC6147E226716D700AED9A5 /* Profile.storyboard */ = {isa = PBXFileReference; fileEncoding = 4; lastKnownFileType = file.storyboard; path = Profile.storyboard; sourceTree = "<group>"; };
		DFC614802267175E00AED9A5 /* MainViewController.swift */ = {isa = PBXFileReference; lastKnownFileType = sourcecode.swift; path = MainViewController.swift; sourceTree = "<group>"; };
/* End PBXFileReference section */

/* Begin PBXFrameworksBuildPhase section */
		DF05A5832265D71E003AC9DE /* Frameworks */ = {
			isa = PBXFrameworksBuildPhase;
			buildActionMask = 2147483647;
			files = (
			);
			runOnlyForDeploymentPostprocessing = 0;
		};
/* End PBXFrameworksBuildPhase section */

/* Begin PBXGroup section */
		DF05A57D2265D71E003AC9DE = {
			isa = PBXGroup;
			children = (
				DF05A5882265D71E003AC9DE /* DYZB */,
				DF05A5872265D71E003AC9DE /* Products */,
			);
			sourceTree = "<group>";
		};
		DF05A5872265D71E003AC9DE /* Products */ = {
			isa = PBXGroup;
			children = (
				DF05A5862265D71E003AC9DE /* DYZB.app */,
			);
			name = Products;
			sourceTree = "<group>";
		};
		DF05A5882265D71E003AC9DE /* DYZB */ = {
			isa = PBXGroup;
			children = (
				DFC6146F2267094600AED9A5 /* Class */,
				DF05A5892265D71E003AC9DE /* AppDelegate.swift */,
				DF05A5902265D720003AC9DE /* Assets.xcassets */,
				DF05A5952265D720003AC9DE /* Info.plist */,
			);
			path = DYZB;
			sourceTree = "<group>";
		};
		DFC6146F2267094600AED9A5 /* Class */ = {
			isa = PBXGroup;
			children = (
				DFC614752267094600AED9A5 /* Main */,
				DFC614702267094600AED9A5 /* Home */,
				DFC614742267094600AED9A5 /* Live */,
				DFC614722267094600AED9A5 /* Follow */,
				DFC614732267094600AED9A5 /* Profile */,
				DFC614712267094600AED9A5 /* Tools */,
			);
			path = Class;
			sourceTree = "<group>";
		};
		DFC614702267094600AED9A5 /* Home */ = {
			isa = PBXGroup;
			children = (
				DFC614762267169500AED9A5 /* Home.storyboard */,
			);
			path = Home;
			sourceTree = "<group>";
		};
		DFC614712267094600AED9A5 /* Tools */ = {
			isa = PBXGroup;
			children = (
			);
			path = Tools;
			sourceTree = "<group>";
		};
		DFC614722267094600AED9A5 /* Follow */ = {
			isa = PBXGroup;
			children = (
			);
			path = Follow;
			sourceTree = "<group>";
		};
		DFC614732267094600AED9A5 /* Profile */ = {
			isa = PBXGroup;
			children = (
				DFC6147E226716D700AED9A5 /* Profile.storyboard */,
			);
			path = Profile;
			sourceTree = "<group>";
		};
		DFC614742267094600AED9A5 /* Live */ = {
			isa = PBXGroup;
			children = (
				DFC61479226716AA00AED9A5 /* Live.storyboard */,
				DFC6147B226716C500AED9A5 /* Follow.storyboard */,
			);
			path = Live;
			sourceTree = "<group>";
		};
		DFC614752267094600AED9A5 /* Main */ = {
			isa = PBXGroup;
			children = (
				DF05A58D2265D71E003AC9DE /* Main.storyboard */,
				DFC614802267175E00AED9A5 /* MainViewController.swift */,
			);
			path = Main;
			sourceTree = "<group>";
		};
/* End PBXGroup section */

/* Begin PBXNativeTarget section */
		DF05A5852265D71E003AC9DE /* DYZB */ = {
			isa = PBXNativeTarget;
			buildConfigurationList = DF05A5982265D720003AC9DE /* Build configuration list for PBXNativeTarget "DYZB" */;
			buildPhases = (
				DF05A5822265D71E003AC9DE /* Sources */,
				DF05A5832265D71E003AC9DE /* Frameworks */,
				DF05A5842265D71E003AC9DE /* Resources */,
			);
			buildRules = (
			);
			dependencies = (
			);
			name = DYZB;
			productName = DYZB;
			productReference = DF05A5862265D71E003AC9DE /* DYZB.app */;
			productType = "com.apple.product-type.application";
		};
/* End PBXNativeTarget section */

/* Begin PBXProject section */
		DF05A57E2265D71E003AC9DE /* Project object */ = {
			isa = PBXProject;
			attributes = {
				LastSwiftUpdateCheck = 0940;
				LastUpgradeCheck = 0940;
				ORGANIZATIONNAME = yuhangxi;
				TargetAttributes = {
					DF05A5852265D71E003AC9DE = {
						CreatedOnToolsVersion = 9.4.1;
					};
				};
			};
			buildConfigurationList = DF05A5812265D71E003AC9DE /* Build configuration list for PBXProject "DYZB" */;
			compatibilityVersion = "Xcode 9.3";
			developmentRegion = en;
			hasScannedForEncodings = 0;
			knownRegions = (
				en,
				Base,
			);
			mainGroup = DF05A57D2265D71E003AC9DE;
			productRefGroup = DF05A5872265D71E003AC9DE /* Products */;
			projectDirPath = "";
			projectRoot = "";
			targets = (
				DF05A5852265D71E003AC9DE /* DYZB */,
			);
		};
/* End PBXProject section */

/* Begin PBXResourcesBuildPhase section */
		DF05A5842265D71E003AC9DE /* Resources */ = {
			isa = PBXResourcesBuildPhase;
			buildActionMask = 2147483647;
			files = (
				DF05A5912265D720003AC9DE /* Assets.xcassets in Resources */,
				DF05A58F2265D71E003AC9DE /* Main.storyboard in Resources */,
				DFC6147A226716AA00AED9A5 /* Live.storyboard in Resources */,
				DFC614782267169500AED9A5 /* Home.storyboard in Resources */,
				DFC6147F226716D700AED9A5 /* Profile.storyboard in Resources */,
				DFC6147D226716C500AED9A5 /* Follow.storyboard in Resources */,
			);
			runOnlyForDeploymentPostprocessing = 0;
		};
/* End PBXResourcesBuildPhase section */

/* Begin PBXSourcesBuildPhase section */
		DF05A5822265D71E003AC9DE /* Sources */ = {
			isa = PBXSourcesBuildPhase;
			buildActionMask = 2147483647;
			files = (
				DF05A58A2265D71E003AC9DE /* AppDelegate.swift in Sources */,
				DFC614812267175E00AED9A5 /* MainViewController.swift in Sources */,
			);
			runOnlyForDeploymentPostprocessing = 0;
		};
/* End PBXSourcesBuildPhase section */

/* Begin PBXVariantGroup section */
		DF05A58D2265D71E003AC9DE /* Main.storyboard */ = {
			isa = PBXVariantGroup;
			children = (
				DF05A58E2265D71E003AC9DE /* Base */,
			);
			name = Main.storyboard;
			sourceTree = "<group>";
		};
		DFC614762267169500AED9A5 /* Home.storyboard */ = {
			isa = PBXVariantGroup;
			children = (
				DFC614772267169500AED9A5 /* Base */,
			);
			name = Home.storyboard;
			sourceTree = "<group>";
		};
		DFC6147B226716C500AED9A5 /* Follow.storyboard */ = {
			isa = PBXVariantGroup;
			children = (
				DFC6147C226716C500AED9A5 /* Base */,
			);
			name = Follow.storyboard;
			sourceTree = "<group>";
		};
/* End PBXVariantGroup section */

/* Begin XCBuildConfiguration section */
		DF05A5962265D720003AC9DE /* Debug */ = {
			isa = XCBuildConfiguration;
			buildSettings = {
				ALWAYS_SEARCH_USER_PATHS = NO;
				CLANG_ANALYZER_NONNULL = YES;
				CLANG_ANALYZER_NUMBER_OBJECT_CONVERSION = YES_AGGRESSIVE;
				CLANG_CXX_LANGUAGE_STANDARD = "gnu++14";
				CLANG_CXX_LIBRARY = "libc++";
				CLANG_ENABLE_MODULES = YES;
				CLANG_ENABLE_OBJC_ARC = YES;
				CLANG_ENABLE_OBJC_WEAK = YES;
				CLANG_WARN_BLOCK_CAPTURE_AUTORELEASING = YES;
				CLANG_WARN_BOOL_CONVERSION = YES;
				CLANG_WARN_COMMA = YES;
				CLANG_WARN_CONSTANT_CONVERSION = YES;
				CLANG_WARN_DEPRECATED_OBJC_IMPLEMENTATIONS = YES;
				CLANG_WARN_DIRECT_OBJC_ISA_USAGE = YES_ERROR;
				CLANG_WARN_DOCUMENTATION_COMMENTS = YES;
				CLANG_WARN_EMPTY_BODY = YES;
				CLANG_WARN_ENUM_CONVERSION = YES;
				CLANG_WARN_INFINITE_RECURSION = YES;
				CLANG_WARN_INT_CONVERSION = YES;
				CLANG_WARN_NON_LITERAL_NULL_CONVERSION = YES;
				CLANG_WARN_OBJC_IMPLICIT_RETAIN_SELF = YES;
				CLANG_WARN_OBJC_LITERAL_CONVERSION = YES;
				CLANG_WARN_OBJC_ROOT_CLASS = YES_ERROR;
				CLANG_WARN_RANGE_LOOP_ANALYSIS = YES;
				CLANG_WARN_STRICT_PROTOTYPES = YES;
				CLANG_WARN_SUSPICIOUS_MOVE = YES;
				CLANG_WARN_UNGUARDED_AVAILABILITY = YES_AGGRESSIVE;
				CLANG_WARN_UNREACHABLE_CODE = YES;
				CLANG_WARN__DUPLICATE_METHOD_MATCH = YES;
				CODE_SIGN_IDENTITY = "iPhone Developer";
				COPY_PHASE_STRIP = NO;
				DEBUG_INFORMATION_FORMAT = dwarf;
				ENABLE_STRICT_OBJC_MSGSEND = YES;
				ENABLE_TESTABILITY = YES;
				GCC_C_LANGUAGE_STANDARD = gnu11;
				GCC_DYNAMIC_NO_PIC = NO;
				GCC_NO_COMMON_BLOCKS = YES;
				GCC_OPTIMIZATION_LEVEL = 0;
				GCC_PREPROCESSOR_DEFINITIONS = (
					"DEBUG=1",
					"$(inherited)",
				);
				GCC_WARN_64_TO_32_BIT_CONVERSION = YES;
				GCC_WARN_ABOUT_RETURN_TYPE = YES_ERROR;
				GCC_WARN_UNDECLARED_SELECTOR = YES;
				GCC_WARN_UNINITIALIZED_AUTOS = YES_AGGRESSIVE;
				GCC_WARN_UNUSED_FUNCTION = YES;
				GCC_WARN_UNUSED_VARIABLE = YES;
				IPHONEOS_DEPLOYMENT_TARGET = 11.4;
				MTL_ENABLE_DEBUG_INFO = YES;
				ONLY_ACTIVE_ARCH = YES;
				SDKROOT = iphoneos;
				SWIFT_ACTIVE_COMPILATION_CONDITIONS = DEBUG;
				SWIFT_OPTIMIZATION_LEVEL = "-Onone";
			};
			name = Debug;
		};
		DF05A5972265D720003AC9DE /* Release */ = {
			isa = XCBuildConfiguration;
			buildSettings = {
				ALWAYS_SEARCH_USER_PATHS = NO;
				CLANG_ANALYZER_NONNULL = YES;
				CLANG_ANALYZER_NUMBER_OBJECT_CONVERSION = YES_AGGRESSIVE;
				CLANG_CXX_LANGUAGE_STANDARD = "gnu++14";
				CLANG_CXX_LIBRARY = "libc++";
				CLANG_ENABLE_MODULES = YES;
				CLANG_ENABLE_OBJC_ARC = YES;
				CLANG_ENABLE_OBJC_WEAK = YES;
				CLANG_WARN_BLOCK_CAPTURE_AUTORELEASING = YES;
				CLANG_WARN_BOOL_CONVERSION = YES;
				CLANG_WARN_COMMA = YES;
				CLANG_WARN_CONSTANT_CONVERSION = YES;
				CLANG_WARN_DEPRECATED_OBJC_IMPLEMENTATIONS = YES;
				CLANG_WARN_DIRECT_OBJC_ISA_USAGE = YES_ERROR;
				CLANG_WARN_DOCUMENTATION_COMMENTS = YES;
				CLANG_WARN_EMPTY_BODY = YES;
				CLANG_WARN_ENUM_CONVERSION = YES;
				CLANG_WARN_INFINITE_RECURSION = YES;
				CLANG_WARN_INT_CONVERSION = YES;
				CLANG_WARN_NON_LITERAL_NULL_CONVERSION = YES;
				CLANG_WARN_OBJC_IMPLICIT_RETAIN_SELF = YES;
				CLANG_WARN_OBJC_LITERAL_CONVERSION = YES;
				CLANG_WARN_OBJC_ROOT_CLASS = YES_ERROR;
				CLANG_WARN_RANGE_LOOP_ANALYSIS = YES;
				CLANG_WARN_STRICT_PROTOTYPES = YES;
				CLANG_WARN_SUSPICIOUS_MOVE = YES;
				CLANG_WARN_UNGUARDED_AVAILABILITY = YES_AGGRESSIVE;
				CLANG_WARN_UNREACHABLE_CODE = YES;
				CLANG_WARN__DUPLICATE_METHOD_MATCH = YES;
				CODE_SIGN_IDENTITY = "iPhone Developer";
				COPY_PHASE_STRIP = NO;
				DEBUG_INFORMATION_FORMAT = "dwarf-with-dsym";
				ENABLE_NS_ASSERTIONS = NO;
				ENABLE_STRICT_OBJC_MSGSEND = YES;
				GCC_C_LANGUAGE_STANDARD = gnu11;
				GCC_NO_COMMON_BLOCKS = YES;
				GCC_WARN_64_TO_32_BIT_CONVERSION = YES;
				GCC_WARN_ABOUT_RETURN_TYPE = YES_ERROR;
				GCC_WARN_UNDECLARED_SELECTOR = YES;
				GCC_WARN_UNINITIALIZED_AUTOS = YES_AGGRESSIVE;
				GCC_WARN_UNUSED_FUNCTION = YES;
				GCC_WARN_UNUSED_VARIABLE = YES;
				IPHONEOS_DEPLOYMENT_TARGET = 11.4;
				MTL_ENABLE_DEBUG_INFO = NO;
				SDKROOT = iphoneos;
				SWIFT_COMPILATION_MODE = wholemodule;
				SWIFT_OPTIMIZATION_LEVEL = "-O";
				VALIDATE_PRODUCT = YES;
			};
			name = Release;
		};
		DF05A5992265D720003AC9DE /* Debug */ = {
			isa = XCBuildConfiguration;
			buildSettings = {
				ASSETCATALOG_COMPILER_APPICON_NAME = AppIcon;
				ASSETCATALOG_COMPILER_LAUNCHIMAGE_NAME = LaunchImage;
				CODE_SIGN_STYLE = Automatic;
				DEVELOPMENT_TEAM = 2PWS9UN7U8;
				INFOPLIST_FILE = DYZB/Info.plist;
				IPHONEOS_DEPLOYMENT_TARGET = 8.0;
				LD_RUNPATH_SEARCH_PATHS = (
					"$(inherited)",
					"@executable_path/Frameworks",
				);
				PRODUCT_BUNDLE_IDENTIFIER = com.520it.DYZB;
				PRODUCT_NAME = "$(TARGET_NAME)";
				SWIFT_VERSION = 4.0;
				TARGETED_DEVICE_FAMILY = 1;
			};
			name = Debug;
		};
		DF05A59A2265D720003AC9DE /* Release */ = {
			isa = XCBuildConfiguration;
			buildSettings = {
				ASSETCATALOG_COMPILER_APPICON_NAME = AppIcon;
				ASSETCATALOG_COMPILER_LAUNCHIMAGE_NAME = LaunchImage;
				CODE_SIGN_STYLE = Automatic;
				DEVELOPMENT_TEAM = 2PWS9UN7U8;
				INFOPLIST_FILE = DYZB/Info.plist;
				IPHONEOS_DEPLOYMENT_TARGET = 8.0;
				LD_RUNPATH_SEARCH_PATHS = (
					"$(inherited)",
					"@executable_path/Frameworks",
				);
				PRODUCT_BUNDLE_IDENTIFIER = com.520it.DYZB;
				PRODUCT_NAME = "$(TARGET_NAME)";
				SWIFT_VERSION = 4.0;
				TARGETED_DEVICE_FAMILY = 1;
			};
			name = Release;
		};
/* End XCBuildConfiguration section */

/* Begin XCConfigurationList section */
		DF05A5812265D71E003AC9DE /* Build configuration list for PBXProject "DYZB" */ = {
			isa = XCConfigurationList;
			buildConfigurations = (
				DF05A5962265D720003AC9DE /* Debug */,
				DF05A5972265D720003AC9DE /* Release */,
			);
			defaultConfigurationIsVisible = 0;
			defaultConfigurationName = Release;
		};
		DF05A5982265D720003AC9DE /* Build configuration list for PBXNativeTarget "DYZB" */ = {
			isa = XCConfigurationList;
			buildConfigurations = (
				DF05A5992265D720003AC9DE /* Debug */,
				DF05A59A2265D720003AC9DE /* Release */,
			);
			defaultConfigurationIsVisible = 0;
			defaultConfigurationName = Release;
		};
/* End XCConfigurationList section */
	};
	rootObject = DF05A57E2265D71E003AC9DE /* Project object */;
}
